PODS:
  - Alamofire (4.9.1)
  - Cosmos (23.0.0)
  - curvyRoute (0.2.1)
  - Kingfisher (5.15.8):
    - Kingfisher/Core (= 5.15.8)
  - Kingfisher/Core (5.15.8)
  - KingfisherWebP (1.0.0):
    - Kingfisher (~> 5.8)
    - libwebp (>= 0.5.0)
  - libwebp (1.2.0):
    - libwebp/demux (= 1.2.0)
    - libwebp/mux (= 1.2.0)
    - libwebp/webp (= 1.2.0)
  - libwebp/demux (1.2.0):
    - libwebp/webp
  - libwebp/mux (1.2.0):
    - libwebp/demux
  - libwebp/webp (1.2.0)
  - YDB2WAssets (1.4.10)
  - YDB2WComponents (1.4.40):
    - Cosmos
    - YDB2WAssets (~> 1.4.0)
    - YDB2WModels (~> 1.4.0)
    - YDExtensions (~> 1.4.0)
    - YDUtilities (~> 1.4.0)
  - YDB2WDeepLinks (1.4.5):
    - YDExtensions (~> 1.4.0)
  - YDB2WIntegration (1.4.8):
    - YDB2WModels (~> 1.4.0)
    - YDExtensions (~> 1.4.0)
  - YDB2WModels (1.4.26):
    - YDExtensions (~> 1.4.0)
  - YDB2WServices (1.4.5):
    - Alamofire (~> 4.0)
    - YDB2WIntegration (~> 1.4.0)
    - YDB2WModels (~> 1.4.0)
    - YDUtilities (~> 1.4.0)
  - YDExtensions (1.4.2):
    - Kingfisher (~> 5.0)
    - KingfisherWebP (= 1.0.0)
  - YDLocationModule (1.0.5)
  - YDMFindStore (1.4.3):
    - Alamofire (= 4.9.1)
    - curvyRoute
    - YDB2WAssets (~> 1.4.0)
    - YDB2WComponents (~> 1.4.0)
    - YDB2WDeepLinks (~> 1.4.0)
    - YDB2WIntegration (~> 1.4.0)
    - YDB2WModels (~> 1.4.0)
    - YDB2WServices (~> 1.4.0)
    - YDExtensions (~> 1.4.0)
    - YDLocationModule (~> 1.0.5)
    - YDUtilities (~> 1.4.0)
  - YDUtilities (1.4.6):
    - Alamofire (~> 4.0)
    - YDB2WModels (~> 1.4.0)
    - YDExtensions (~> 1.4.0)

DEPENDENCIES:
  - Cosmos
  - YDB2WAssets (~> 1.4.0)
  - YDB2WComponents (~> 1.4.0)
  - YDB2WDeepLinks (~> 1.4.0)
  - YDB2WIntegration (~> 1.4.0)
  - YDB2WModels (~> 1.4.0)
  - YDB2WServices (~> 1.4.0)
  - YDExtensions (~> 1.4.0)
  - YDMFindStore (~> 1.4.0)
  - YDUtilities (~> 1.4.0)

SPEC REPOS:
  "git@github.com:Hennrich-Your-Dev/YourDev-Pods.git":
    - YDB2WAssets
    - YDB2WComponents
    - YDB2WDeepLinks
    - YDB2WIntegration
    - YDB2WModels
    - YDB2WServices
    - YDExtensions
    - YDLocationModule
    - YDMFindStore
    - YDUtilities
  trunk:
    - Alamofire
    - Cosmos
    - curvyRoute
    - Kingfisher
    - KingfisherWebP
    - libwebp

SPEC CHECKSUMS:
  Alamofire: 85e8a02c69d6020a0d734f6054870d7ecb75cf18
  Cosmos: b5c6a9a637e28a061b54c8f8b1d8529d7d4db73f
  curvyRoute: bd529a80b8d7a0390a2673dceb79081c11b0fa8d
  Kingfisher: a3c03d702433fa6cfedabb2bddbe076fb8f2e902
  KingfisherWebP: b1ed1dbc5e52547c5bf5f583dd5c46346f97320f
  libwebp: e90b9c01d99205d03b6bb8f2c8c415e5a4ef66f0
  YDB2WAssets: f22c30c0b776fe29a73a1ed0738c1649c016916c
  YDB2WComponents: 08697860af2c1e8bd32e18fca86a7996b836827d
  YDB2WDeepLinks: e5b73d26f048cc2349631dd844602a1b31b09176
  YDB2WIntegration: efa2edc589a08703ff3cecff41fa61f07c9d020b
  YDB2WModels: 655d19f33da0b9f18e3804406eb50ff4e4142745
  YDB2WServices: 750088ede95433b4b9751d37718a9fd20527ea97
  YDExtensions: fa093c67b72c07da4621a8132e79a1e84d9eed15
  YDLocationModule: 35cddec317442e18078cb64e1542d7cd360ccb43
  YDMFindStore: 0999f52ad1b32bc9d68ce3f2d37e6c382f3975e7
  YDUtilities: cccf84d5bea32b0c0ef10de968bf8698206cb6a0

PODFILE CHECKSUM: 555f9768b3acad51f0b13088273c65cbdf63d0de

COCOAPODS: 1.10.1
